<Solution>
  <Project Path="BugraOzturkPortfolio.Business/BugraOzturkPortfolio.Business.csproj" Id="c9ee2dc8-a2e6-417d-b729-4022d924d7a4" />
  <Project Path="BugraOzturkPortfolio.DataAccess/BugraOzturkPortfolio.DataAccess.csproj" />
  <Project Path="BugraOzturkPortfolio.Entities/BugraOzturkPortfolio.Entities.csproj" />
  <Project Path="BugraOzturkPortfolio.Web/BugraOzturkPortfolio.Web.csproj" />
</Solution>
